{
  "version": 4,
  "terraform_version": "1.14.2",
  "serial": 31,
  "lineage": "44c325f8-ea0f-e83f-de7b-6357dca2b044",
  "outputs": {
    "Azs": {
      "value": "us-west-1b",
      "type": "string"
    },
    "aws_private_ip": {
      "value": "192.168.0.48",
      "type": "string"
    },
    "aws_publi_ip": {
      "value": "13.52.75.163",
      "type": "string"
    },
    "aws_region": {
      "value": "us-west-1",
      "type": "string"
    },
    "cidr_block": {
      "value": [
        "192.168.0.0/24",
        "192.168.0.32/27"
      ],
      "type": [
        "list",
        "string"
      ]
    },
    "instance_type": {
      "value": "t3.micro",
      "type": "string"
    },
    "vpc_id": {
      "value": "vpc-08431e47bc1ee2c47",
      "type": "string"
    }
  },
  "resources": [
    {
      "mode": "managed",
      "type": "aws_default_route_table",
      "name": "my_default_test_rt",
      "provider": "provider[\"registry.terraform.io/hashicorp/aws\"]",
      "instances": [
        {
          "schema_version": 0,
          "attributes": {
            "arn": "arn:aws:ec2:us-west-1:907402361746:route-table/rtb-06033bb172aab5462",
            "default_route_table_id": "rtb-06033bb172aab5462",
            "id": "rtb-06033bb172aab5462",
            "owner_id": "907402361746",
            "propagating_vgws": [],
            "route": [
              {
                "cidr_block": "0.0.0.0/0",
                "core_network_arn": "",
                "destination_prefix_list_id": "",
                "egress_only_gateway_id": "",
                "gateway_id": "igw-0e21f1ef06e98cfe7",
                "instance_id": "",
                "ipv6_cidr_block": "",
                "nat_gateway_id": "",
                "network_interface_id": "",
                "transit_gateway_id": "",
                "vpc_endpoint_id": "",
                "vpc_peering_connection_id": ""
              }
            ],
            "tags": {},
            "tags_all": {},
            "timeouts": null,
            "vpc_id": "vpc-08431e47bc1ee2c47"
          },
          "sensitive_attributes": [],
          "identity_schema_version": 0,
          "private": "eyJlMmJmYjczMC1lY2FhLTExZTYtOGY4OC0zNDM2M2JjN2M0YzAiOnsiY3JlYXRlIjoxMjAwMDAwMDAwMDAsInVwZGF0ZSI6MTIwMDAwMDAwMDAwfX0=",
          "dependencies": [
            "aws_internet_gateway.webapps_igw",
            "aws_vpc.ch_lab_vpc"
          ]
        }
      ]
    },
    {
      "mode": "managed",
      "type": "aws_default_security_group",
      "name": "default",
      "provider": "provider[\"registry.terraform.io/hashicorp/aws\"]",
      "instances": [
        {
          "schema_version": 1,
          "attributes": {
            "arn": "arn:aws:ec2:us-west-1:907402361746:security-group/sg-035c33af4b911fb64",
            "description": "default VPC security group",
            "egress": [
              {
                "cidr_blocks": [
                  "0.0.0.0/0"
                ],
                "description": "",
                "from_port": 0,
                "ipv6_cidr_blocks": [],
                "prefix_list_ids": [],
                "protocol": "-1",
                "security_groups": [],
                "self": false,
                "to_port": 0
              }
            ],
            "id": "sg-035c33af4b911fb64",
            "ingress": [
              {
                "cidr_blocks": [
                  "0.0.0.0/0"
                ],
                "description": "",
                "from_port": 22,
                "ipv6_cidr_blocks": [],
                "prefix_list_ids": [],
                "protocol": "tcp",
                "security_groups": [],
                "self": false,
                "to_port": 22
              },
              {
                "cidr_blocks": [
                  "0.0.0.0/0"
                ],
                "description": "",
                "from_port": 25,
                "ipv6_cidr_blocks": [],
                "prefix_list_ids": [],
                "protocol": "tcp",
                "security_groups": [],
                "self": false,
                "to_port": 25
              },
              {
                "cidr_blocks": [
                  "0.0.0.0/0"
                ],
                "description": "",
                "from_port": 80,
                "ipv6_cidr_blocks": [],
                "prefix_list_ids": [],
                "protocol": "tcp",
                "security_groups": [],
                "self": false,
                "to_port": 80
              }
            ],
            "name": "default",
            "name_prefix": "",
            "owner_id": "907402361746",
            "revoke_rules_on_delete": false,
            "tags": {},
            "tags_all": {},
            "vpc_id": "vpc-08431e47bc1ee2c47"
          },
          "sensitive_attributes": [],
          "identity_schema_version": 0,
          "private": "eyJzY2hlbWFfdmVyc2lvbiI6IjEifQ==",
          "dependencies": [
            "aws_vpc.ch_lab_vpc"
          ]
        }
      ]
    },
    {
      "mode": "managed",
      "type": "aws_instance",
      "name": "web_app_intance",
      "provider": "provider[\"registry.terraform.io/hashicorp/aws\"]",
      "instances": [
        {
          "schema_version": 1,
          "attributes": {
            "ami": "ami-0e6a50b0059fd2cc3",
            "arn": "arn:aws:ec2:us-west-1:907402361746:instance/i-0fad4797165c9ba43",
            "associate_public_ip_address": true,
            "availability_zone": "us-west-1b",
            "capacity_reservation_specification": [
              {
                "capacity_reservation_preference": "open",
                "capacity_reservation_target": []
              }
            ],
            "cpu_core_count": 1,
            "cpu_options": [
              {
                "amd_sev_snp": "",
                "core_count": 1,
                "threads_per_core": 2
              }
            ],
            "cpu_threads_per_core": 2,
            "credit_specification": [
              {
                "cpu_credits": "unlimited"
              }
            ],
            "disable_api_stop": false,
            "disable_api_termination": false,
            "ebs_block_device": [],
            "ebs_optimized": false,
            "enable_primary_ipv6": null,
            "enclave_options": [
              {
                "enabled": false
              }
            ],
            "ephemeral_block_device": [],
            "get_password_data": false,
            "hibernation": false,
            "host_id": "",
            "host_resource_group_arn": null,
            "iam_instance_profile": "",
            "id": "i-0fad4797165c9ba43",
            "instance_initiated_shutdown_behavior": "stop",
            "instance_lifecycle": "",
            "instance_market_options": [],
            "instance_state": "running",
            "instance_type": "t3.micro",
            "ipv6_address_count": 0,
            "ipv6_addresses": [],
            "key_name": "production_ssh_key",
            "launch_template": [],
            "maintenance_options": [
              {
                "auto_recovery": "default"
              }
            ],
            "metadata_options": [
              {
                "http_endpoint": "enabled",
                "http_protocol_ipv6": "disabled",
                "http_put_response_hop_limit": 2,
                "http_tokens": "required",
                "instance_metadata_tags": "disabled"
              }
            ],
            "monitoring": false,
            "network_interface": [],
            "outpost_arn": "",
            "password_data": "",
            "placement_group": "",
            "placement_partition_number": 0,
            "primary_network_interface_id": "eni-06127582fc8e652c7",
            "private_dns": "ip-192-168-0-48.us-west-1.compute.internal",
            "private_dns_name_options": [
              {
                "enable_resource_name_dns_a_record": false,
                "enable_resource_name_dns_aaaa_record": false,
                "hostname_type": "ip-name"
              }
            ],
            "private_ip": "192.168.0.48",
            "public_dns": "",
            "public_ip": "13.52.75.163",
            "root_block_device": [
              {
                "delete_on_termination": true,
                "device_name": "/dev/sda1",
                "encrypted": false,
                "iops": 3000,
                "kms_key_id": "",
                "tags": {},
                "tags_all": {},
                "throughput": 125,
                "volume_id": "vol-00aa50abe13134193",
                "volume_size": 8,
                "volume_type": "gp3"
              }
            ],
            "secondary_private_ips": [],
            "security_groups": [],
            "source_dest_check": true,
            "spot_instance_request_id": "",
            "subnet_id": "subnet-03c55b51039ddfb9d",
            "tags": {},
            "tags_all": {},
            "tenancy": "default",
            "timeouts": null,
            "user_data": null,
            "user_data_base64": null,
            "user_data_replace_on_change": false,
            "volume_tags": null,
            "vpc_security_group_ids": [
              "sg-035c33af4b911fb64"
            ]
          },
          "sensitive_attributes": [],
          "identity_schema_version": 0,
          "private": "eyJlMmJmYjczMC1lY2FhLTExZTYtOGY4OC0zNDM2M2JjN2M0YzAiOnsiY3JlYXRlIjo2MDAwMDAwMDAwMDAsImRlbGV0ZSI6MTIwMDAwMDAwMDAwMCwicmVhZCI6OTAwMDAwMDAwMDAwLCJ1cGRhdGUiOjYwMDAwMDAwMDAwMH0sInNjaGVtYV92ZXJzaW9uIjoiMSJ9",
          "dependencies": [
            "aws_default_security_group.default",
            "aws_key_pair.prod_key",
            "aws_subnet.webapps",
            "aws_vpc.ch_lab_vpc"
          ]
        }
      ]
    },
    {
      "mode": "managed",
      "type": "aws_internet_gateway",
      "name": "webapps_igw",
      "provider": "provider[\"registry.terraform.io/hashicorp/aws\"]",
      "instances": [
        {
          "schema_version": 0,
          "attributes": {
            "arn": "arn:aws:ec2:us-west-1:907402361746:internet-gateway/igw-0e21f1ef06e98cfe7",
            "id": "igw-0e21f1ef06e98cfe7",
            "owner_id": "907402361746",
            "tags": {},
            "tags_all": {},
            "timeouts": null,
            "vpc_id": "vpc-08431e47bc1ee2c47"
          },
          "sensitive_attributes": [],
          "identity_schema_version": 0,
          "private": "eyJlMmJmYjczMC1lY2FhLTExZTYtOGY4OC0zNDM2M2JjN2M0YzAiOnsiY3JlYXRlIjoxMjAwMDAwMDAwMDAwLCJkZWxldGUiOjEyMDAwMDAwMDAwMDAsInVwZGF0ZSI6MTIwMDAwMDAwMDAwMH19",
          "dependencies": [
            "aws_vpc.ch_lab_vpc"
          ]
        }
      ]
    },
    {
      "mode": "managed",
      "type": "aws_key_pair",
      "name": "prod_key",
      "provider": "provider[\"registry.terraform.io/hashicorp/aws\"]",
      "instances": [
        {
          "schema_version": 1,
          "attributes": {
            "arn": "arn:aws:ec2:us-west-1:907402361746:key-pair/production_ssh_key",
            "fingerprint": "03:c1:73:57:c1:fc:27:f4:4b:b6:44:6f:0f:f9:3d:35",
            "id": "production_ssh_key",
            "key_name": "production_ssh_key",
            "key_name_prefix": "",
            "key_pair_id": "key-0aa97b3de863ca4cd",
            "key_type": "rsa",
            "public_key": "ssh-rsa AAAAB3NzaC1yc2EAAAADAQABAAABgQD2mEZy/V6mN0eBsmJv3ElJ4XbJwM5pXRf0/WbU2yz/+SHxjrIZb5NT2CoUNPkFuBQL6M3FTfRCCtLbKiUi4Lax/j2E33JaZ4EBGVn/b1YZD9MduVEuCWqKvkTxzNCHBOWyv0rBrVpDjy2gvZmzLm2YqxYgXfGIcGq5frfv479Y36M3uuPuPXM5Duw1H/9Cb0ZUtLDpfixmJEW1TIq0F9gNQMRrv+ooY1j+ea4m8jhvCSrKH8LCe5+7SK62lPofsHzn6OYpc/cptg0C3SOg2rFNqe4wY943Stm0sWC7klbfjp4sIyKb+sRTNWBvKgTKKkpKngcoPDLe95R9q+kE1qV3IQiDSnVSfJbCD60faRKxiQSQSBShsafOip/kWugCRowfZy8xJXYMBEKiXnt+SQqAJ7n+1+qH2X5xHFLIjzbwNRDKCUrefru1MNTXxJ9Eitd6ayl5jnu6Sdo6JVYH2UMHKmaZMviAl5ulWplvJkUb7pwE3gVSWKXf47XlP7w/5QM= tainyan@MacBook-Pro.local",
            "tags": {},
            "tags_all": {}
          },
          "sensitive_attributes": [],
          "identity_schema_version": 0,
          "private": "eyJzY2hlbWFfdmVyc2lvbiI6IjEifQ=="
        }
      ]
    },
    {
      "mode": "managed",
      "type": "aws_route_table_association",
      "name": "webapps_rt_association",
      "provider": "provider[\"registry.terraform.io/hashicorp/aws\"]",
      "instances": [
        {
          "schema_version": 0,
          "attributes": {
            "gateway_id": "",
            "id": "rtbassoc-05824af1078d8188f",
            "route_table_id": "rtb-06033bb172aab5462",
            "subnet_id": "subnet-03c55b51039ddfb9d",
            "timeouts": null
          },
          "sensitive_attributes": [],
          "identity_schema_version": 0,
          "private": "eyJlMmJmYjczMC1lY2FhLTExZTYtOGY4OC0zNDM2M2JjN2M0YzAiOnsiY3JlYXRlIjozMDAwMDAwMDAwMDAsImRlbGV0ZSI6MzAwMDAwMDAwMDAwLCJ1cGRhdGUiOjEyMDAwMDAwMDAwMH19",
          "dependencies": [
            "aws_default_route_table.my_default_test_rt",
            "aws_internet_gateway.webapps_igw",
            "aws_subnet.webapps",
            "aws_vpc.ch_lab_vpc"
          ]
        }
      ]
    },
    {
      "mode": "managed",
      "type": "aws_subnet",
      "name": "webapps",
      "provider": "provider[\"registry.terraform.io/hashicorp/aws\"]",
      "instances": [
        {
          "schema_version": 1,
          "attributes": {
            "arn": "arn:aws:ec2:us-west-1:907402361746:subnet/subnet-03c55b51039ddfb9d",
            "assign_ipv6_address_on_creation": false,
            "availability_zone": "us-west-1b",
            "availability_zone_id": "usw1-az3",
            "cidr_block": "192.168.0.32/27",
            "customer_owned_ipv4_pool": "",
            "enable_dns64": false,
            "enable_lni_at_device_index": 0,
            "enable_resource_name_dns_a_record_on_launch": false,
            "enable_resource_name_dns_aaaa_record_on_launch": false,
            "id": "subnet-03c55b51039ddfb9d",
            "ipv6_cidr_block": "",
            "ipv6_cidr_block_association_id": "",
            "ipv6_native": false,
            "map_customer_owned_ip_on_launch": false,
            "map_public_ip_on_launch": true,
            "outpost_arn": "",
            "owner_id": "907402361746",
            "private_dns_hostname_type_on_launch": "ip-name",
            "tags": {
              "name": "Web Applications Subnet"
            },
            "tags_all": {
              "name": "Web Applications Subnet"
            },
            "timeouts": null,
            "vpc_id": "vpc-08431e47bc1ee2c47"
          },
          "sensitive_attributes": [],
          "identity_schema_version": 0,
          "private": "eyJlMmJmYjczMC1lY2FhLTExZTYtOGY4OC0zNDM2M2JjN2M0YzAiOnsiY3JlYXRlIjo2MDAwMDAwMDAwMDAsImRlbGV0ZSI6MTIwMDAwMDAwMDAwMH0sInNjaGVtYV92ZXJzaW9uIjoiMSJ9",
          "dependencies": [
            "aws_vpc.ch_lab_vpc"
          ]
        }
      ]
    },
    {
      "mode": "managed",
      "type": "aws_vpc",
      "name": "ch_lab_vpc",
      "provider": "provider[\"registry.terraform.io/hashicorp/aws\"]",
      "instances": [
        {
          "schema_version": 1,
          "attributes": {
            "arn": "arn:aws:ec2:us-west-1:907402361746:vpc/vpc-08431e47bc1ee2c47",
            "assign_generated_ipv6_cidr_block": false,
            "cidr_block": "192.168.0.0/24",
            "default_network_acl_id": "acl-0a9959740b6138066",
            "default_route_table_id": "rtb-06033bb172aab5462",
            "default_security_group_id": "sg-035c33af4b911fb64",
            "dhcp_options_id": "dopt-07634fb0564fde8b2",
            "enable_dns_hostnames": false,
            "enable_dns_support": true,
            "enable_network_address_usage_metrics": false,
            "id": "vpc-08431e47bc1ee2c47",
            "instance_tenancy": "default",
            "ipv4_ipam_pool_id": null,
            "ipv4_netmask_length": null,
            "ipv6_association_id": "",
            "ipv6_cidr_block": "",
            "ipv6_cidr_block_network_border_group": "",
            "ipv6_ipam_pool_id": "",
            "ipv6_netmask_length": 0,
            "main_route_table_id": "rtb-06033bb172aab5462",
            "owner_id": "907402361746",
            "tags": {
              "name": "Production VPC"
            },
            "tags_all": {
              "name": "Production VPC"
            }
          },
          "sensitive_attributes": [],
          "identity_schema_version": 0,
          "private": "eyJzY2hlbWFfdmVyc2lvbiI6IjEifQ=="
        }
      ]
    }
  ],
  "check_results": null
}
